
Microsoft Visual Studio Solution File, Format Version 12.00
# Visual Studio Version 16
VisualStudioVersion = 25.0.1704.0
MinimumVisualStudioVersion = 10.0.40219.1
Project("{FAE04EC0-301F-11D3-BF4B-00C04F79EFBC}") = "csharp-10-Fundamentals", "csharp-10-Fundamentals\csharp-10-Fundamentals.csproj", "{5EFBF96C-8268-49FC-ADED-B279A208303C}"
EndProject
Global
	GlobalSection(SolutionConfigurationPlatforms) = preSolution
		Debug|Any CPU = Debug|Any CPU
		Release|Any CPU = Release|Any CPU
	EndGlobalSection
	GlobalSection(ProjectConfigurationPlatforms) = postSolution
		{5EFBF96C-8268-49FC-ADED-B279A208303C}.Debug|Any CPU.ActiveCfg = Debug|Any CPU
		{5EFBF96C-8268-49FC-ADED-B279A208303C}.Debug|Any CPU.Build.0 = Debug|Any CPU
		{5EFBF96C-8268-49FC-ADED-B279A208303C}.Release|Any CPU.ActiveCfg = Release|Any CPU
		{5EFBF96C-8268-49FC-ADED-B279A208303C}.Release|Any CPU.Build.0 = Release|Any CPU
	EndGlobalSection
	GlobalSection(SolutionProperties) = preSolution
		HideSolutionNode = FALSE
	EndGlobalSection
	GlobalSection(ExtensibilityGlobals) = postSolution
		SolutionGuid = {FCE9DCE3-E639-4D11-9F0C-FAA7BDE637D2}
	EndGlobalSection
EndGlobal
